
Microsoft Visual Studio Solution File, Format Version 12.00
# Visual Studio Version 17
VisualStudioVersion = 17.13.35931.197
MinimumVisualStudioVersion = 10.0.40219.1
Project("{FAE04EC0-301F-11D3-BF4B-00C04F79EFBC}") = "MovieDatabase", "MovieDatabase\MovieDatabase.csproj", "{FEEFB5E9-6277-42DE-8447-250C610E5C1B}"
EndProject
Global
	GlobalSection(SolutionConfigurationPlatforms) = preSolution
		Debug|Any CPU = Debug|Any CPU
		Release|Any CPU = Release|Any CPU
	EndGlobalSection
	GlobalSection(ProjectConfigurationPlatforms) = postSolution
		{FEEFB5E9-6277-42DE-8447-250C610E5C1B}.Debug|Any CPU.ActiveCfg = Debug|Any CPU
		{FEEFB5E9-6277-42DE-8447-250C610E5C1B}.Debug|Any CPU.Build.0 = Debug|Any CPU
		{FEEFB5E9-6277-42DE-8447-250C610E5C1B}.Release|Any CPU.ActiveCfg = Release|Any CPU
		{FEEFB5E9-6277-42DE-8447-250C610E5C1B}.Release|Any CPU.Build.0 = Release|Any CPU
	EndGlobalSection
	GlobalSection(SolutionProperties) = preSolution
		HideSolutionNode = FALSE
	EndGlobalSection
	GlobalSection(ExtensibilityGlobals) = postSolution
		SolutionGuid = {5AD82FB6-5FBC-4343-AE0F-274799AB9B17}
	EndGlobalSection
EndGlobal
